
Microsoft Visual Studio Solution File, Format Version 12.00
# Visual Studio 15
VisualStudioVersion = 15.0.27130.2026
MinimumVisualStudioVersion = 10.0.40219.1
Project("{FAE04EC0-301F-11D3-BF4B-00C04F79EFBC}") = "WinGoTag", "WinGoTag\WinGoTag.csproj", "{7FB28205-37D5-439E-AD6D-F8E8DF78CDCB}"
EndProject
Project("{FAE04EC0-301F-11D3-BF4B-00C04F79EFBC}") = "InstaAPI", "InstaAPI\InstaAPI.csproj", "{EC7065C7-6FBF-48C0-879D-EE7A767A0E2C}"
EndProject
Project("{2150E333-8FDC-42A3-9474-1A3956D46DE8}") = "Prebuilt", "Prebuilt", "{53F69782-E7AB-4591-95E6-C406A8D81B14}"
EndProject
Project("{2150E333-8FDC-42A3-9474-1A3956D46DE8}") = "arm", "arm", "{DF75417E-75B3-4905-8D3D-5AE05C446B49}"
	ProjectSection(SolutionItems) = preProject
		Prebuilt\arm\Microsoft.UI.Xaml.dll = Prebuilt\arm\Microsoft.UI.Xaml.dll
		Prebuilt\arm\Microsoft.UI.Xaml.pri = Prebuilt\arm\Microsoft.UI.Xaml.pri
		Prebuilt\arm\Microsoft.UI.Xaml.winmd = Prebuilt\arm\Microsoft.UI.Xaml.winmd
	EndProjectSection
EndProject
Project("{2150E333-8FDC-42A3-9474-1A3956D46DE8}") = "Temp", "Temp", "{9CCC19E4-106F-44FD-B0F9-57122FE2C31D}"
	ProjectSection(SolutionItems) = preProject
		Prebuilt\Temp\Microsoft.UI.Xaml.dll = Prebuilt\Temp\Microsoft.UI.Xaml.dll
		Prebuilt\Temp\Microsoft.UI.Xaml.pri = Prebuilt\Temp\Microsoft.UI.Xaml.pri
		Prebuilt\Temp\Microsoft.UI.Xaml.winmd = Prebuilt\Temp\Microsoft.UI.Xaml.winmd
	EndProjectSection
EndProject
Project("{2150E333-8FDC-42A3-9474-1A3956D46DE8}") = "x64", "x64", "{164AF706-587B-4D0F-9910-293B45FB44FA}"
	ProjectSection(SolutionItems) = preProject
		Prebuilt\x64\Microsoft.UI.Xaml.dll = Prebuilt\x64\Microsoft.UI.Xaml.dll
		Prebuilt\x64\Microsoft.UI.Xaml.pri = Prebuilt\x64\Microsoft.UI.Xaml.pri
		Prebuilt\x64\Microsoft.UI.Xaml.winmd = Prebuilt\x64\Microsoft.UI.Xaml.winmd
	EndProjectSection
EndProject
Project("{2150E333-8FDC-42A3-9474-1A3956D46DE8}") = "x86", "x86", "{E42A7663-6529-466A-AAC4-3BA37C8C9DB5}"
	ProjectSection(SolutionItems) = preProject
		Prebuilt\x86\Microsoft.UI.Xaml.dll = Prebuilt\x86\Microsoft.UI.Xaml.dll
		Prebuilt\x86\Microsoft.UI.Xaml.pri = Prebuilt\x86\Microsoft.UI.Xaml.pri
		Prebuilt\x86\Microsoft.UI.Xaml.winmd = Prebuilt\x86\Microsoft.UI.Xaml.winmd
	EndProjectSection
EndProject
Project("{8BC9CEB8-8B4A-11D0-8D11-00A0C91BC942}") = "FFmpegInterop", "FFmpegInterop\Win10\FFmpegInterop\FFmpegInterop.vcxproj", "{9CFA3B3E-B7AF-4629-84E2-C962C5B046B1}"
EndProject
Global
	GlobalSection(SolutionConfigurationPlatforms) = preSolution
		Debug|Any CPU = Debug|Any CPU
		Debug|ARM = Debug|ARM
		Debug|x64 = Debug|x64
		Debug|x86 = Debug|x86
		Release|Any CPU = Release|Any CPU
		Release|ARM = Release|ARM
		Release|x64 = Release|x64
		Release|x86 = Release|x86
	EndGlobalSection
	GlobalSection(ProjectConfigurationPlatforms) = postSolution
		{7FB28205-37D5-439E-AD6D-F8E8DF78CDCB}.Debug|Any CPU.ActiveCfg = Debug|x86
		{7FB28205-37D5-439E-AD6D-F8E8DF78CDCB}.Debug|ARM.ActiveCfg = Debug|ARM
		{7FB28205-37D5-439E-AD6D-F8E8DF78CDCB}.Debug|ARM.Build.0 = Debug|ARM
		{7FB28205-37D5-439E-AD6D-F8E8DF78CDCB}.Debug|ARM.Deploy.0 = Debug|ARM
		{7FB28205-37D5-439E-AD6D-F8E8DF78CDCB}.Debug|x64.ActiveCfg = Debug|x64
		{7FB28205-37D5-439E-AD6D-F8E8DF78CDCB}.Debug|x64.Build.0 = Debug|x64
		{7FB28205-37D5-439E-AD6D-F8E8DF78CDCB}.Debug|x64.Deploy.0 = Debug|x64
		{7FB28205-37D5-439E-AD6D-F8E8DF78CDCB}.Debug|x86.ActiveCfg = Debug|x86
		{7FB28205-37D5-439E-AD6D-F8E8DF78CDCB}.Debug|x86.Build.0 = Debug|x86
		{7FB28205-37D5-439E-AD6D-F8E8DF78CDCB}.Debug|x86.Deploy.0 = Debug|x86
		{7FB28205-37D5-439E-AD6D-F8E8DF78CDCB}.Release|Any CPU.ActiveCfg = Release|x86
		{7FB28205-37D5-439E-AD6D-F8E8DF78CDCB}.Release|ARM.ActiveCfg = Release|ARM
		{7FB28205-37D5-439E-AD6D-F8E8DF78CDCB}.Release|ARM.Build.0 = Release|ARM
		{7FB28205-37D5-439E-AD6D-F8E8DF78CDCB}.Release|ARM.Deploy.0 = Release|ARM
		{7FB28205-37D5-439E-AD6D-F8E8DF78CDCB}.Release|x64.ActiveCfg = Release|x64
		{7FB28205-37D5-439E-AD6D-F8E8DF78CDCB}.Release|x64.Build.0 = Release|x64
		{7FB28205-37D5-439E-AD6D-F8E8DF78CDCB}.Release|x64.Deploy.0 = Release|x64
		{7FB28205-37D5-439E-AD6D-F8E8DF78CDCB}.Release|x86.ActiveCfg = Release|x86
		{7FB28205-37D5-439E-AD6D-F8E8DF78CDCB}.Release|x86.Build.0 = Release|x86
		{7FB28205-37D5-439E-AD6D-F8E8DF78CDCB}.Release|x86.Deploy.0 = Release|x86
		{EC7065C7-6FBF-48C0-879D-EE7A767A0E2C}.Debug|Any CPU.ActiveCfg = Debug|Any CPU
		{EC7065C7-6FBF-48C0-879D-EE7A767A0E2C}.Debug|Any CPU.Build.0 = Debug|Any CPU
		{EC7065C7-6FBF-48C0-879D-EE7A767A0E2C}.Debug|ARM.ActiveCfg = Debug|ARM
		{EC7065C7-6FBF-48C0-879D-EE7A767A0E2C}.Debug|ARM.Build.0 = Debug|ARM
		{EC7065C7-6FBF-48C0-879D-EE7A767A0E2C}.Debug|x64.ActiveCfg = Debug|x64
		{EC7065C7-6FBF-48C0-879D-EE7A767A0E2C}.Debug|x64.Build.0 = Debug|x64
		{EC7065C7-6FBF-48C0-879D-EE7A767A0E2C}.Debug|x86.ActiveCfg = Debug|x86
		{EC7065C7-6FBF-48C0-879D-EE7A767A0E2C}.Debug|x86.Build.0 = Debug|x86
		{EC7065C7-6FBF-48C0-879D-EE7A767A0E2C}.Release|Any CPU.ActiveCfg = Release|Any CPU
		{EC7065C7-6FBF-48C0-879D-EE7A767A0E2C}.Release|Any CPU.Build.0 = Release|Any CPU
		{EC7065C7-6FBF-48C0-879D-EE7A767A0E2C}.Release|ARM.ActiveCfg = Release|ARM
		{EC7065C7-6FBF-48C0-879D-EE7A767A0E2C}.Release|ARM.Build.0 = Release|ARM
		{EC7065C7-6FBF-48C0-879D-EE7A767A0E2C}.Release|x64.ActiveCfg = Release|x64
		{EC7065C7-6FBF-48C0-879D-EE7A767A0E2C}.Release|x64.Build.0 = Release|x64
		{EC7065C7-6FBF-48C0-879D-EE7A767A0E2C}.Release|x86.ActiveCfg = Release|x86
		{EC7065C7-6FBF-48C0-879D-EE7A767A0E2C}.Release|x86.Build.0 = Release|x86
		{9CFA3B3E-B7AF-4629-84E2-C962C5B046B1}.Debug|Any CPU.ActiveCfg = Debug|Win32
		{9CFA3B3E-B7AF-4629-84E2-C962C5B046B1}.Debug|ARM.ActiveCfg = Debug|ARM
		{9CFA3B3E-B7AF-4629-84E2-C962C5B046B1}.Debug|ARM.Build.0 = Debug|ARM
		{9CFA3B3E-B7AF-4629-84E2-C962C5B046B1}.Debug|x64.ActiveCfg = Debug|x64
		{9CFA3B3E-B7AF-4629-84E2-C962C5B046B1}.Debug|x64.Build.0 = Debug|x64
		{9CFA3B3E-B7AF-4629-84E2-C962C5B046B1}.Debug|x86.ActiveCfg = Debug|Win32
		{9CFA3B3E-B7AF-4629-84E2-C962C5B046B1}.Debug|x86.Build.0 = Debug|Win32
		{9CFA3B3E-B7AF-4629-84E2-C962C5B046B1}.Release|Any CPU.ActiveCfg = Release|Win32
		{9CFA3B3E-B7AF-4629-84E2-C962C5B046B1}.Release|ARM.ActiveCfg = Release|ARM
		{9CFA3B3E-B7AF-4629-84E2-C962C5B046B1}.Release|ARM.Build.0 = Release|ARM
		{9CFA3B3E-B7AF-4629-84E2-C962C5B046B1}.Release|x64.ActiveCfg = Release|x64
		{9CFA3B3E-B7AF-4629-84E2-C962C5B046B1}.Release|x64.Build.0 = Release|x64
		{9CFA3B3E-B7AF-4629-84E2-C962C5B046B1}.Release|x86.ActiveCfg = Release|Win32
		{9CFA3B3E-B7AF-4629-84E2-C962C5B046B1}.Release|x86.Build.0 = Release|Win32
	EndGlobalSection
	GlobalSection(SolutionProperties) = preSolution
		HideSolutionNode = FALSE
	EndGlobalSection
	GlobalSection(NestedProjects) = preSolution
		{DF75417E-75B3-4905-8D3D-5AE05C446B49} = {53F69782-E7AB-4591-95E6-C406A8D81B14}
		{9CCC19E4-106F-44FD-B0F9-57122FE2C31D} = {53F69782-E7AB-4591-95E6-C406A8D81B14}
		{164AF706-587B-4D0F-9910-293B45FB44FA} = {53F69782-E7AB-4591-95E6-C406A8D81B14}
		{E42A7663-6529-466A-AAC4-3BA37C8C9DB5} = {53F69782-E7AB-4591-95E6-C406A8D81B14}
	EndGlobalSection
	GlobalSection(ExtensibilityGlobals) = postSolution
		SolutionGuid = {F49369E6-3699-49A6-BA7B-852322F64B3B}
	EndGlobalSection
EndGlobal
